// !$*UTF8*$!
{
	archiveVersion = 1;
	classes = {
	};
	objectVersion = 50;
	objects = {

/* Begin PBXBuildFile section */
		D66A550220AC95A60099662F /* AppDelegate.swift in Sources */ = {isa = PBXBuildFile; fileRef = D66A550120AC95A60099662F /* AppDelegate.swift */; };
		D66A550420AC95A60099662F /* ViewController.swift in Sources */ = {isa = PBXBuildFile; fileRef = D66A550320AC95A60099662F /* ViewController.swift */; };
		D66A550720AC95A60099662F /* Main.storyboard in Resources */ = {isa = PBXBuildFile; fileRef = D66A550520AC95A60099662F /* Main.storyboard */; };
		D66A550920AC95AC0099662F /* Assets.xcassets in Resources */ = {isa = PBXBuildFile; fileRef = D66A550820AC95AC0099662F /* Assets.xcassets */; };
		D66A550C20AC95AC0099662F /* LaunchScreen.storyboard in Resources */ = {isa = PBXBuildFile; fileRef = D66A550A20AC95AC0099662F /* LaunchScreen.storyboard */; };
		D66A551420AC969D0099662F /* PizzaMakerViewController.swift in Sources */ = {isa = PBXBuildFile; fileRef = D66A551320AC969D0099662F /* PizzaMakerViewController.swift */; };
/* End PBXBuildFile section */

/* Begin PBXFileReference section */
		D66A54FE20AC95A60099662F /* PizzaDelegate.app */ = {isa = PBXFileReference; explicitFileType = wrapper.application; includeInIndex = 0; path = PizzaDelegate.app; sourceTree = BUILT_PRODUCTS_DIR; };
		D66A550120AC95A60099662F /* AppDelegate.swift */ = {isa = PBXFileReference; lastKnownFileType = sourcecode.swift; path = AppDelegate.swift; sourceTree = "<group>"; };
		D66A550320AC95A60099662F /* ViewController.swift */ = {isa = PBXFileReference; lastKnownFileType = sourcecode.swift; path = ViewController.swift; sourceTree = "<group>"; };
		D66A550620AC95A60099662F /* Base */ = {isa = PBXFileReference; lastKnownFileType = file.storyboard; name = Base; path = Base.lproj/Main.storyboard; sourceTree = "<group>"; };
		D66A550820AC95AC0099662F /* Assets.xcassets */ = {isa = PBXFileReference; lastKnownFileType = folder.assetcatalog; path = Assets.xcassets; sourceTree = "<group>"; };
		D66A550B20AC95AC0099662F /* Base */ = {isa = PBXFileReference; lastKnownFileType = file.storyboard; name = Base; path = Base.lproj/LaunchScreen.storyboard; sourceTree = "<group>"; };
		D66A550D20AC95AC0099662F /* Info.plist */ = {isa = PBXFileReference; lastKnownFileType = text.plist.xml; path = Info.plist; sourceTree = "<group>"; };
		D66A551320AC969D0099662F /* PizzaMakerViewController.swift */ = {isa = PBXFileReference; lastKnownFileType = sourcecode.swift; path = PizzaMakerViewController.swift; sourceTree = "<group>"; };
/* End PBXFileReference section */

/* Begin PBXFrameworksBuildPhase section */
		D66A54FB20AC95A60099662F /* Frameworks */ = {
			isa = PBXFrameworksBuildPhase;
			buildActionMask = 2147483647;
			files = (
			);
			runOnlyForDeploymentPostprocessing = 0;
		};
/* End PBXFrameworksBuildPhase section */

/* Begin PBXGroup section */
		D66A54F520AC95A60099662F = {
			isa = PBXGroup;
			children = (
				D66A550020AC95A60099662F /* PizzaDelegate */,
				D66A54FF20AC95A60099662F /* Products */,
			);
			sourceTree = "<group>";
		};
		D66A54FF20AC95A60099662F /* Products */ = {
			isa = PBXGroup;
			children = (
				D66A54FE20AC95A60099662F /* PizzaDelegate.app */,
			);
			name = Products;
			sourceTree = "<group>";
		};
		D66A550020AC95A60099662F /* PizzaDelegate */ = {
			isa = PBXGroup;
			children = (
				D66A550120AC95A60099662F /* AppDelegate.swift */,
				D66A550320AC95A60099662F /* ViewController.swift */,
				D66A551320AC969D0099662F /* PizzaMakerViewController.swift */,
				D66A550520AC95A60099662F /* Main.storyboard */,
				D66A550820AC95AC0099662F /* Assets.xcassets */,
				D66A550A20AC95AC0099662F /* LaunchScreen.storyboard */,
				D66A550D20AC95AC0099662F /* Info.plist */,
			);
			path = PizzaDelegate;
			sourceTree = "<group>";
		};
/* End PBXGroup section */

/* Begin PBXNativeTarget section */
		D66A54FD20AC95A60099662F /* PizzaDelegate */ = {
			isa = PBXNativeTarget;
			buildConfigurationList = D66A551020AC95AC0099662F /* Build configuration list for PBXNativeTarget "PizzaDelegate" */;
			buildPhases = (
				D66A54FA20AC95A60099662F /* Sources */,
				D66A54FB20AC95A60099662F /* Frameworks */,
				D66A54FC20AC95A60099662F /* Resources */,
			);
			buildRules = (
			);
			dependencies = (
			);
			name = PizzaDelegate;
			productName = PizzaDelegate;
			productReference = D66A54FE20AC95A60099662F /* PizzaDelegate.app */;
			productType = "com.apple.product-type.application";
		};
/* End PBXNativeTarget section */

/* Begin PBXProject section */
		D66A54F620AC95A60099662F /* Project object */ = {
			isa = PBXProject;
			attributes = {
				LastSwiftUpdateCheck = 0930;
				LastUpgradeCheck = 0930;
				ORGANIZATIONNAME = "David Van Osdol";
				TargetAttributes = {
					D66A54FD20AC95A60099662F = {
						CreatedOnToolsVersion = 9.3.1;
					};
				};
			};
			buildConfigurationList = D66A54F920AC95A60099662F /* Build configuration list for PBXProject "PizzaDelegate" */;
			compatibilityVersion = "Xcode 9.3";
			developmentRegion = en;
			hasScannedForEncodings = 0;
			knownRegions = (
				en,
				Base,
			);
			mainGroup = D66A54F520AC95A60099662F;
			productRefGroup = D66A54FF20AC95A60099662F /* Products */;
			projectDirPath = "";
			projectRoot = "";
			targets = (
				D66A54FD20AC95A60099662F /* PizzaDelegate */,
			);
		};
/* End PBXProject section */

/* Begin PBXResourcesBuildPhase section */
		D66A54FC20AC95A60099662F /* Resources */ = {
			isa = PBXResourcesBuildPhase;
			buildActionMask = 2147483647;
			files = (
				D66A550C20AC95AC0099662F /* LaunchScreen.storyboard in Resources */,
				D66A550920AC95AC0099662F /* Assets.xcassets in Resources */,
				D66A550720AC95A60099662F /* Main.storyboard in Resources */,
			);
			runOnlyForDeploymentPostprocessing = 0;
		};
/* End PBXResourcesBuildPhase section */

/* Begin PBXSourcesBuildPhase section */
		D66A54FA20AC95A60099662F /* Sources */ = {
			isa = PBXSourcesBuildPhase;
			buildActionMask = 2147483647;
			files = (
				D66A550420AC95A60099662F /* ViewController.swift in Sources */,
				D66A550220AC95A60099662F /* AppDelegate.swift in Sources */,
				D66A551420AC969D0099662F /* PizzaMakerViewController.swift in Sources */,
			);
			runOnlyForDeploymentPostprocessing = 0;
		};
/* End PBXSourcesBuildPhase section */

/* Begin PBXVariantGroup section */
		D66A550520AC95A60099662F /* Main.storyboard */ = {
			isa = PBXVariantGroup;
			children = (
				D66A550620AC95A60099662F /* Base */,
			);
			name = Main.storyboard;
			sourceTree = "<group>";
		};
		D66A550A20AC95AC0099662F /* LaunchScreen.storyboard */ = {
			isa = PBXVariantGroup;
			children = (
				D66A550B20AC95AC0099662F /* Base */,
			);
			name = LaunchScreen.storyboard;
			sourceTree = "<group>";
		};
/* End PBXVariantGroup section */

/* Begin XCBuildConfiguration section */
		D66A550E20AC95AC0099662F /* Debug */ = {
			isa = XCBuildConfiguration;
			buildSettings = {
				ALWAYS_SEARCH_USER_PATHS = NO;
				CLANG_ANALYZER_NONNULL = YES;
				CLANG_ANALYZER_NUMBER_OBJECT_CONVERSION = YES_AGGRESSIVE;
				CLANG_CXX_LANGUAGE_STANDARD = "gnu++14";
				CLANG_CXX_LIBRARY = "libc++";
				CLANG_ENABLE_MODULES = YES;
				CLANG_ENABLE_OBJC_ARC = YES;
				CLANG_ENABLE_OBJC_WEAK = YES;
				CLANG_WARN_BLOCK_CAPTURE_AUTORELEASING = YES;
				CLANG_WARN_BOOL_CONVERSION = YES;
				CLANG_WARN_COMMA = YES;
				CLANG_WARN_CONSTANT_CONVERSION = YES;
				CLANG_WARN_DEPRECATED_OBJC_IMPLEMENTATIONS = YES;
				CLANG_WARN_DIRECT_OBJC_ISA_USAGE = YES_ERROR;
				CLANG_WARN_DOCUMENTATION_COMMENTS = YES;
				CLANG_WARN_EMPTY_BODY = YES;
				CLANG_WARN_ENUM_CONVERSION = YES;
				CLANG_WARN_INFINITE_RECURSION = YES;
				CLANG_WARN_INT_CONVERSION = YES;
				CLANG_WARN_NON_LITERAL_NULL_CONVERSION = YES;
				CLANG_WARN_OBJC_IMPLICIT_RETAIN_SELF = YES;
				CLANG_WARN_OBJC_LITERAL_CONVERSION = YES;
				CLANG_WARN_OBJC_ROOT_CLASS = YES_ERROR;
				CLANG_WARN_RANGE_LOOP_ANALYSIS = YES;
				CLANG_WARN_STRICT_PROTOTYPES = YES;
				CLANG_WARN_SUSPICIOUS_MOVE = YES;
				CLANG_WARN_UNGUARDED_AVAILABILITY = YES_AGGRESSIVE;
				CLANG_WARN_UNREACHABLE_CODE = YES;
				CLANG_WARN__DUPLICATE_METHOD_MATCH = YES;
				CODE_SIGN_IDENTITY = "iPhone Developer";
				COPY_PHASE_STRIP = NO;
				DEBUG_INFORMATION_FORMAT = dwarf;
				ENABLE_STRICT_OBJC_MSGSEND = YES;
				ENABLE_TESTABILITY = YES;
				GCC_C_LANGUAGE_STANDARD = gnu11;
				GCC_DYNAMIC_NO_PIC = NO;
				GCC_NO_COMMON_BLOCKS = YES;
				GCC_OPTIMIZATION_LEVEL = 0;
				GCC_PREPROCESSOR_DEFINITIONS = (
					"DEBUG=1",
					"$(inherited)",
				);
				GCC_WARN_64_TO_32_BIT_CONVERSION = YES;
				GCC_WARN_ABOUT_RETURN_TYPE = YES_ERROR;
				GCC_WARN_UNDECLARED_SELECTOR = YES;
				GCC_WARN_UNINITIALIZED_AUTOS = YES_AGGRESSIVE;
				GCC_WARN_UNUSED_FUNCTION = YES;
				GCC_WARN_UNUSED_VARIABLE = YES;
				IPHONEOS_DEPLOYMENT_TARGET = 11.3;
				MTL_ENABLE_DEBUG_INFO = YES;
				ONLY_ACTIVE_ARCH = YES;
				SDKROOT = iphoneos;
				SWIFT_ACTIVE_COMPILATION_CONDITIONS = DEBUG;
				SWIFT_OPTIMIZATION_LEVEL = "-Onone";
			};
			name = Debug;
		};
		D66A550F20AC95AC0099662F /* Release */ = {
			isa = XCBuildConfiguration;
			buildSettings = {
				ALWAYS_SEARCH_USER_PATHS = NO;
				CLANG_ANALYZER_NONNULL = YES;
				CLANG_ANALYZER_NUMBER_OBJECT_CONVERSION = YES_AGGRESSIVE;
				CLANG_CXX_LANGUAGE_STANDARD = "gnu++14";
				CLANG_CXX_LIBRARY = "libc++";
				CLANG_ENABLE_MODULES = YES;
				CLANG_ENABLE_OBJC_ARC = YES;
				CLANG_ENABLE_OBJC_WEAK = YES;
				CLANG_WARN_BLOCK_CAPTURE_AUTORELEASING = YES;
				CLANG_WARN_BOOL_CONVERSION = YES;
				CLANG_WARN_COMMA = YES;
				CLANG_WARN_CONSTANT_CONVERSION = YES;
				CLANG_WARN_DEPRECATED_OBJC_IMPLEMENTATIONS = YES;
				CLANG_WARN_DIRECT_OBJC_ISA_USAGE = YES_ERROR;
				CLANG_WARN_DOCUMENTATION_COMMENTS = YES;
				CLANG_WARN_EMPTY_BODY = YES;
				CLANG_WARN_ENUM_CONVERSION = YES;
				CLANG_WARN_INFINITE_RECURSION = YES;
				CLANG_WARN_INT_CONVERSION = YES;
				CLANG_WARN_NON_LITERAL_NULL_CONVERSION = YES;
				CLANG_WARN_OBJC_IMPLICIT_RETAIN_SELF = YES;
				CLANG_WARN_OBJC_LITERAL_CONVERSION = YES;
				CLANG_WARN_OBJC_ROOT_CLASS = YES_ERROR;
				CLANG_WARN_RANGE_LOOP_ANALYSIS = YES;
				CLANG_WARN_STRICT_PROTOTYPES = YES;
				CLANG_WARN_SUSPICIOUS_MOVE = YES;
				CLANG_WARN_UNGUARDED_AVAILABILITY = YES_AGGRESSIVE;
				CLANG_WARN_UNREACHABLE_CODE = YES;
				CLANG_WARN__DUPLICATE_METHOD_MATCH = YES;
				CODE_SIGN_IDENTITY = "iPhone Developer";
				COPY_PHASE_STRIP = NO;
				DEBUG_INFORMATION_FORMAT = "dwarf-with-dsym";
				ENABLE_NS_ASSERTIONS = NO;
				ENABLE_STRICT_OBJC_MSGSEND = YES;
				GCC_C_LANGUAGE_STANDARD = gnu11;
				GCC_NO_COMMON_BLOCKS = YES;
				GCC_WARN_64_TO_32_BIT_CONVERSION = YES;
				GCC_WARN_ABOUT_RETURN_TYPE = YES_ERROR;
				GCC_WARN_UNDECLARED_SELECTOR = YES;
				GCC_WARN_UNINITIALIZED_AUTOS = YES_AGGRESSIVE;
				GCC_WARN_UNUSED_FUNCTION = YES;
				GCC_WARN_UNUSED_VARIABLE = YES;
				IPHONEOS_DEPLOYMENT_TARGET = 11.3;
				MTL_ENABLE_DEBUG_INFO = NO;
				SDKROOT = iphoneos;
				SWIFT_COMPILATION_MODE = wholemodule;
				SWIFT_OPTIMIZATION_LEVEL = "-O";
				VALIDATE_PRODUCT = YES;
			};
			name = Release;
		};
		D66A551120AC95AC0099662F /* Debug */ = {
			isa = XCBuildConfiguration;
			buildSettings = {
				ASSETCATALOG_COMPILER_APPICON_NAME = AppIcon;
				CODE_SIGN_STYLE = Automatic;
				DEVELOPMENT_TEAM = CUVUVVJ9B3;
				INFOPLIST_FILE = PizzaDelegate/Info.plist;
				LD_RUNPATH_SEARCH_PATHS = (
					"$(inherited)",
					"@executable_path/Frameworks",
				);
				PRODUCT_BUNDLE_IDENTIFIER = ci.PizzaDelegate;
				PRODUCT_NAME = "$(TARGET_NAME)";
				SWIFT_VERSION = 4.0;
				TARGETED_DEVICE_FAMILY = "1,2";
			};
			name = Debug;
		};
		D66A551220AC95AC0099662F /* Release */ = {
			isa = XCBuildConfiguration;
			buildSettings = {
				ASSETCATALOG_COMPILER_APPICON_NAME = AppIcon;
				CODE_SIGN_STYLE = Automatic;
				DEVELOPMENT_TEAM = CUVUVVJ9B3;
				INFOPLIST_FILE = PizzaDelegate/Info.plist;
				LD_RUNPATH_SEARCH_PATHS = (
					"$(inherited)",
					"@executable_path/Frameworks",
				);
				PRODUCT_BUNDLE_IDENTIFIER = ci.PizzaDelegate;
				PRODUCT_NAME = "$(TARGET_NAME)";
				SWIFT_VERSION = 4.0;
				TARGETED_DEVICE_FAMILY = "1,2";
			};
			name = Release;
		};
/* End XCBuildConfiguration section */

/* Begin XCConfigurationList section */
		D66A54F920AC95A60099662F /* Build configuration list for PBXProject "PizzaDelegate" */ = {
			isa = XCConfigurationList;
			buildConfigurations = (
				D66A550E20AC95AC0099662F /* Debug */,
				D66A550F20AC95AC0099662F /* Release */,
			);
			defaultConfigurationIsVisible = 0;
			defaultConfigurationName = Release;
		};
		D66A551020AC95AC0099662F /* Build configuration list for PBXNativeTarget "PizzaDelegate" */ = {
			isa = XCConfigurationList;
			buildConfigurations = (
				D66A551120AC95AC0099662F /* Debug */,
				D66A551220AC95AC0099662F /* Release */,
			);
			defaultConfigurationIsVisible = 0;
			defaultConfigurationName = Release;
		};
/* End XCConfigurationList section */
	};
	rootObject = D66A54F620AC95A60099662F /* Project object */;
}
